// !$*UTF8*$!
{
	archiveVersion = 1;
	classes = {
	};
	objectVersion = 56;
	objects = {

/* Begin PBXBuildFile section */
		C474B9ED2CA558B50012E70C /* TextControl.swift in Sources */ = {isa = PBXBuildFile; fileRef = C474B9EC2CA558B50012E70C /* TextControl.swift */; };
		C474B9EF2CA5605C0012E70C /* SettingsView.swift in Sources */ = {isa = PBXBuildFile; fileRef = C474B9EE2CA5605C0012E70C /* SettingsView.swift */; };
		C474B9F22CA56F2F0012E70C /* OpenAI in Frameworks */ = {isa = PBXBuildFile; productRef = C474B9F12CA56F2F0012E70C /* OpenAI */; };
		C474B9F42CA5708E0012E70C /* TextProcessor.swift in Sources */ = {isa = PBXBuildFile; fileRef = C474B9F32CA5708E0012E70C /* TextProcessor.swift */; };
		C474B9F72CA57EDE0012E70C /* KeyboardShortcutRecorder.swift in Sources */ = {isa = PBXBuildFile; fileRef = C474B9F62CA57EDE0012E70C /* KeyboardShortcutRecorder.swift */; };
		C474B9F92CA64AEA0012E70C /* ShortcutManager.swift in Sources */ = {isa = PBXBuildFile; fileRef = C474B9F82CA64AEA0012E70C /* ShortcutManager.swift */; };
		C4BD1AF52CA53D9B00FD93AA /* RewriteApp.swift in Sources */ = {isa = PBXBuildFile; fileRef = C4BD1AF42CA53D9B00FD93AA /* RewriteApp.swift */; };
		C4BD1AF92CA53D9E00FD93AA /* Assets.xcassets in Resources */ = {isa = PBXBuildFile; fileRef = C4BD1AF82CA53D9E00FD93AA /* Assets.xcassets */; };
		C4BD1AFC2CA53D9E00FD93AA /* Preview Assets.xcassets in Resources */ = {isa = PBXBuildFile; fileRef = C4BD1AFB2CA53D9E00FD93AA /* Preview Assets.xcassets */; };
/* End PBXBuildFile section */

/* Begin PBXFileReference section */
		C474B9EC2CA558B50012E70C /* TextControl.swift */ = {isa = PBXFileReference; lastKnownFileType = sourcecode.swift; path = TextControl.swift; sourceTree = "<group>"; };
		C474B9EE2CA5605C0012E70C /* SettingsView.swift */ = {isa = PBXFileReference; lastKnownFileType = sourcecode.swift; path = SettingsView.swift; sourceTree = "<group>"; };
		C474B9F32CA5708E0012E70C /* TextProcessor.swift */ = {isa = PBXFileReference; lastKnownFileType = sourcecode.swift; path = TextProcessor.swift; sourceTree = "<group>"; };
		C474B9F52CA579040012E70C /* Info.plist */ = {isa = PBXFileReference; lastKnownFileType = text.plist; path = Info.plist; sourceTree = "<group>"; };
		C474B9F62CA57EDE0012E70C /* KeyboardShortcutRecorder.swift */ = {isa = PBXFileReference; lastKnownFileType = sourcecode.swift; path = KeyboardShortcutRecorder.swift; sourceTree = "<group>"; };
		C474B9F82CA64AEA0012E70C /* ShortcutManager.swift */ = {isa = PBXFileReference; lastKnownFileType = sourcecode.swift; path = ShortcutManager.swift; sourceTree = "<group>"; };
		C4BD1AF12CA53D9B00FD93AA /* Rewrite.app */ = {isa = PBXFileReference; explicitFileType = wrapper.application; includeInIndex = 0; path = Rewrite.app; sourceTree = BUILT_PRODUCTS_DIR; };
		C4BD1AF42CA53D9B00FD93AA /* RewriteApp.swift */ = {isa = PBXFileReference; lastKnownFileType = sourcecode.swift; path = RewriteApp.swift; sourceTree = "<group>"; };
		C4BD1AF82CA53D9E00FD93AA /* Assets.xcassets */ = {isa = PBXFileReference; lastKnownFileType = folder.assetcatalog; path = Assets.xcassets; sourceTree = "<group>"; };
		C4BD1AFB2CA53D9E00FD93AA /* Preview Assets.xcassets */ = {isa = PBXFileReference; lastKnownFileType = folder.assetcatalog; path = "Preview Assets.xcassets"; sourceTree = "<group>"; };
		C4BD1AFD2CA53D9E00FD93AA /* Rewrite.entitlements */ = {isa = PBXFileReference; lastKnownFileType = text.plist.entitlements; path = Rewrite.entitlements; sourceTree = "<group>"; };
/* End PBXFileReference section */

/* Begin PBXFrameworksBuildPhase section */
		C4BD1AEE2CA53D9B00FD93AA /* Frameworks */ = {
			isa = PBXFrameworksBuildPhase;
			buildActionMask = 2147483647;
			files = (
				C474B9F22CA56F2F0012E70C /* OpenAI in Frameworks */,
			);
			runOnlyForDeploymentPostprocessing = 0;
		};
/* End PBXFrameworksBuildPhase section */

/* Begin PBXGroup section */
		C4BD1AE82CA53D9B00FD93AA = {
			isa = PBXGroup;
			children = (
				C4BD1AF32CA53D9B00FD93AA /* Rewrite */,
				C4BD1AF22CA53D9B00FD93AA /* Products */,
			);
			sourceTree = "<group>";
		};
		C4BD1AF22CA53D9B00FD93AA /* Products */ = {
			isa = PBXGroup;
			children = (
				C4BD1AF12CA53D9B00FD93AA /* Rewrite.app */,
			);
			name = Products;
			sourceTree = "<group>";
		};
		C4BD1AF32CA53D9B00FD93AA /* Rewrite */ = {
			isa = PBXGroup;
			children = (
				C474B9F52CA579040012E70C /* Info.plist */,
				C4BD1AF42CA53D9B00FD93AA /* RewriteApp.swift */,
				C474B9EE2CA5605C0012E70C /* SettingsView.swift */,
				C474B9F82CA64AEA0012E70C /* ShortcutManager.swift */,
				C474B9F62CA57EDE0012E70C /* KeyboardShortcutRecorder.swift */,
				C474B9EC2CA558B50012E70C /* TextControl.swift */,
				C474B9F32CA5708E0012E70C /* TextProcessor.swift */,
				C4BD1AF82CA53D9E00FD93AA /* Assets.xcassets */,
				C4BD1AFD2CA53D9E00FD93AA /* Rewrite.entitlements */,
				C4BD1AFA2CA53D9E00FD93AA /* Preview Content */,
			);
			path = Rewrite;
			sourceTree = "<group>";
		};
		C4BD1AFA2CA53D9E00FD93AA /* Preview Content */ = {
			isa = PBXGroup;
			children = (
				C4BD1AFB2CA53D9E00FD93AA /* Preview Assets.xcassets */,
			);
			path = "Preview Content";
			sourceTree = "<group>";
		};
/* End PBXGroup section */

/* Begin PBXNativeTarget section */
		C4BD1AF02CA53D9B00FD93AA /* Rewrite */ = {
			isa = PBXNativeTarget;
			buildConfigurationList = C4BD1B002CA53D9E00FD93AA /* Build configuration list for PBXNativeTarget "Rewrite" */;
			buildPhases = (
				C4BD1AED2CA53D9B00FD93AA /* Sources */,
				C4BD1AEE2CA53D9B00FD93AA /* Frameworks */,
				C4BD1AEF2CA53D9B00FD93AA /* Resources */,
			);
			buildRules = (
			);
			dependencies = (
			);
			name = Rewrite;
			packageProductDependencies = (
				C474B9F12CA56F2F0012E70C /* OpenAI */,
			);
			productName = Rewrite;
			productReference = C4BD1AF12CA53D9B00FD93AA /* Rewrite.app */;
			productType = "com.apple.product-type.application";
		};
/* End PBXNativeTarget section */

/* Begin PBXProject section */
		C4BD1AE92CA53D9B00FD93AA /* Project object */ = {
			isa = PBXProject;
			attributes = {
				BuildIndependentTargetsInParallel = 1;
				LastSwiftUpdateCheck = 1520;
				LastUpgradeCheck = 1520;
				TargetAttributes = {
					C4BD1AF02CA53D9B00FD93AA = {
						CreatedOnToolsVersion = 15.2;
					};
				};
			};
			buildConfigurationList = C4BD1AEC2CA53D9B00FD93AA /* Build configuration list for PBXProject "Rewrite" */;
			compatibilityVersion = "Xcode 14.0";
			developmentRegion = en;
			hasScannedForEncodings = 0;
			knownRegions = (
				en,
				Base,
			);
			mainGroup = C4BD1AE82CA53D9B00FD93AA;
			packageReferences = (
				C474B9F02CA56F2F0012E70C /* XCRemoteSwiftPackageReference "OpenAI" */,
			);
			productRefGroup = C4BD1AF22CA53D9B00FD93AA /* Products */;
			projectDirPath = "";
			projectRoot = "";
			targets = (
				C4BD1AF02CA53D9B00FD93AA /* Rewrite */,
			);
		};
/* End PBXProject section */

/* Begin PBXResourcesBuildPhase section */
		C4BD1AEF2CA53D9B00FD93AA /* Resources */ = {
			isa = PBXResourcesBuildPhase;
			buildActionMask = 2147483647;
			files = (
				C4BD1AFC2CA53D9E00FD93AA /* Preview Assets.xcassets in Resources */,
				C4BD1AF92CA53D9E00FD93AA /* Assets.xcassets in Resources */,
			);
			runOnlyForDeploymentPostprocessing = 0;
		};
/* End PBXResourcesBuildPhase section */

/* Begin PBXSourcesBuildPhase section */
		C4BD1AED2CA53D9B00FD93AA /* Sources */ = {
			isa = PBXSourcesBuildPhase;
			buildActionMask = 2147483647;
			files = (
				C474B9F72CA57EDE0012E70C /* KeyboardShortcutRecorder.swift in Sources */,
				C474B9F92CA64AEA0012E70C /* ShortcutManager.swift in Sources */,
				C474B9EF2CA5605C0012E70C /* SettingsView.swift in Sources */,
				C474B9ED2CA558B50012E70C /* TextControl.swift in Sources */,
				C4BD1AF52CA53D9B00FD93AA /* RewriteApp.swift in Sources */,
				C474B9F42CA5708E0012E70C /* TextProcessor.swift in Sources */,
			);
			runOnlyForDeploymentPostprocessing = 0;
		};
/* End PBXSourcesBuildPhase section */

/* Begin XCBuildConfiguration section */
		C4BD1AFE2CA53D9E00FD93AA /* Debug */ = {
			isa = XCBuildConfiguration;
			buildSettings = {
				ALWAYS_SEARCH_USER_PATHS = NO;
				ASSETCATALOG_COMPILER_GENERATE_SWIFT_ASSET_SYMBOL_EXTENSIONS = YES;
				CLANG_ANALYZER_NONNULL = YES;
				CLANG_ANALYZER_NUMBER_OBJECT_CONVERSION = YES_AGGRESSIVE;
				CLANG_CXX_LANGUAGE_STANDARD = "gnu++20";
				CLANG_ENABLE_MODULES = YES;
				CLANG_ENABLE_OBJC_ARC = YES;
				CLANG_ENABLE_OBJC_WEAK = YES;
				CLANG_WARN_BLOCK_CAPTURE_AUTORELEASING = YES;
				CLANG_WARN_BOOL_CONVERSION = YES;
				CLANG_WARN_COMMA = YES;
				CLANG_WARN_CONSTANT_CONVERSION = YES;
				CLANG_WARN_DEPRECATED_OBJC_IMPLEMENTATIONS = YES;
				CLANG_WARN_DIRECT_OBJC_ISA_USAGE = YES_ERROR;
				CLANG_WARN_DOCUMENTATION_COMMENTS = YES;
				CLANG_WARN_EMPTY_BODY = YES;
				CLANG_WARN_ENUM_CONVERSION = YES;
				CLANG_WARN_INFINITE_RECURSION = YES;
				CLANG_WARN_INT_CONVERSION = YES;
				CLANG_WARN_NON_LITERAL_NULL_CONVERSION = YES;
				CLANG_WARN_OBJC_IMPLICIT_RETAIN_SELF = YES;
				CLANG_WARN_OBJC_LITERAL_CONVERSION = YES;
				CLANG_WARN_OBJC_ROOT_CLASS = YES_ERROR;
				CLANG_WARN_QUOTED_INCLUDE_IN_FRAMEWORK_HEADER = YES;
				CLANG_WARN_RANGE_LOOP_ANALYSIS = YES;
				CLANG_WARN_STRICT_PROTOTYPES = YES;
				CLANG_WARN_SUSPICIOUS_MOVE = YES;
				CLANG_WARN_UNGUARDED_AVAILABILITY = YES_AGGRESSIVE;
				CLANG_WARN_UNREACHABLE_CODE = YES;
				CLANG_WARN__DUPLICATE_METHOD_MATCH = YES;
				COPY_PHASE_STRIP = NO;
				DEBUG_INFORMATION_FORMAT = dwarf;
				ENABLE_STRICT_OBJC_MSGSEND = YES;
				ENABLE_TESTABILITY = YES;
				ENABLE_USER_SCRIPT_SANDBOXING = YES;
				GCC_C_LANGUAGE_STANDARD = gnu17;
				GCC_DYNAMIC_NO_PIC = NO;
				GCC_NO_COMMON_BLOCKS = YES;
				GCC_OPTIMIZATION_LEVEL = 0;
				GCC_PREPROCESSOR_DEFINITIONS = (
					"DEBUG=1",
					"$(inherited)",
				);
				GCC_WARN_64_TO_32_BIT_CONVERSION = YES;
				GCC_WARN_ABOUT_RETURN_TYPE = YES_ERROR;
				GCC_WARN_UNDECLARED_SELECTOR = YES;
				GCC_WARN_UNINITIALIZED_AUTOS = YES_AGGRESSIVE;
				GCC_WARN_UNUSED_FUNCTION = YES;
				GCC_WARN_UNUSED_VARIABLE = YES;
				LOCALIZATION_PREFERS_STRING_CATALOGS = YES;
				MACOSX_DEPLOYMENT_TARGET = 14.2;
				MTL_ENABLE_DEBUG_INFO = INCLUDE_SOURCE;
				MTL_FAST_MATH = YES;
				ONLY_ACTIVE_ARCH = YES;
				SDKROOT = macosx;
				SWIFT_ACTIVE_COMPILATION_CONDITIONS = "DEBUG $(inherited)";
				SWIFT_OPTIMIZATION_LEVEL = "-Onone";
			};
			name = Debug;
		};
		C4BD1AFF2CA53D9E00FD93AA /* Release */ = {
			isa = XCBuildConfiguration;
			buildSettings = {
				ALWAYS_SEARCH_USER_PATHS = NO;
				ASSETCATALOG_COMPILER_GENERATE_SWIFT_ASSET_SYMBOL_EXTENSIONS = YES;
				CLANG_ANALYZER_NONNULL = YES;
				CLANG_ANALYZER_NUMBER_OBJECT_CONVERSION = YES_AGGRESSIVE;
				CLANG_CXX_LANGUAGE_STANDARD = "gnu++20";
				CLANG_ENABLE_MODULES = YES;
				CLANG_ENABLE_OBJC_ARC = YES;
				CLANG_ENABLE_OBJC_WEAK = YES;
				CLANG_WARN_BLOCK_CAPTURE_AUTORELEASING = YES;
				CLANG_WARN_BOOL_CONVERSION = YES;
				CLANG_WARN_COMMA = YES;
				CLANG_WARN_CONSTANT_CONVERSION = YES;
				CLANG_WARN_DEPRECATED_OBJC_IMPLEMENTATIONS = YES;
				CLANG_WARN_DIRECT_OBJC_ISA_USAGE = YES_ERROR;
				CLANG_WARN_DOCUMENTATION_COMMENTS = YES;
				CLANG_WARN_EMPTY_BODY = YES;
				CLANG_WARN_ENUM_CONVERSION = YES;
				CLANG_WARN_INFINITE_RECURSION = YES;
				CLANG_WARN_INT_CONVERSION = YES;
				CLANG_WARN_NON_LITERAL_NULL_CONVERSION = YES;
				CLANG_WARN_OBJC_IMPLICIT_RETAIN_SELF = YES;
				CLANG_WARN_OBJC_LITERAL_CONVERSION = YES;
				CLANG_WARN_OBJC_ROOT_CLASS = YES_ERROR;
				CLANG_WARN_QUOTED_INCLUDE_IN_FRAMEWORK_HEADER = YES;
				CLANG_WARN_RANGE_LOOP_ANALYSIS = YES;
				CLANG_WARN_STRICT_PROTOTYPES = YES;
				CLANG_WARN_SUSPICIOUS_MOVE = YES;
				CLANG_WARN_UNGUARDED_AVAILABILITY = YES_AGGRESSIVE;
				CLANG_WARN_UNREACHABLE_CODE = YES;
				CLANG_WARN__DUPLICATE_METHOD_MATCH = YES;
				COPY_PHASE_STRIP = NO;
				DEBUG_INFORMATION_FORMAT = "dwarf-with-dsym";
				ENABLE_NS_ASSERTIONS = NO;
				ENABLE_STRICT_OBJC_MSGSEND = YES;
				ENABLE_USER_SCRIPT_SANDBOXING = YES;
				GCC_C_LANGUAGE_STANDARD = gnu17;
				GCC_NO_COMMON_BLOCKS = YES;
				GCC_WARN_64_TO_32_BIT_CONVERSION = YES;
				GCC_WARN_ABOUT_RETURN_TYPE = YES_ERROR;
				GCC_WARN_UNDECLARED_SELECTOR = YES;
				GCC_WARN_UNINITIALIZED_AUTOS = YES_AGGRESSIVE;
				GCC_WARN_UNUSED_FUNCTION = YES;
				GCC_WARN_UNUSED_VARIABLE = YES;
				LOCALIZATION_PREFERS_STRING_CATALOGS = YES;
				MACOSX_DEPLOYMENT_TARGET = 14.2;
				MTL_ENABLE_DEBUG_INFO = NO;
				MTL_FAST_MATH = YES;
				SDKROOT = macosx;
				SWIFT_COMPILATION_MODE = wholemodule;
			};
			name = Release;
		};
		C4BD1B012CA53D9E00FD93AA /* Debug */ = {
			isa = XCBuildConfiguration;
			buildSettings = {
				ASSETCATALOG_COMPILER_APPICON_NAME = AppIcon;
				ASSETCATALOG_COMPILER_GLOBAL_ACCENT_COLOR_NAME = AccentColor;
				CODE_SIGN_ENTITLEMENTS = Rewrite/Rewrite.entitlements;
				CODE_SIGN_STYLE = Automatic;
				COMBINE_HIDPI_IMAGES = YES;
				CURRENT_PROJECT_VERSION = 1;
				DEVELOPMENT_ASSET_PATHS = "\"Rewrite/Preview Content\"";
				DEVELOPMENT_TEAM = 7467638S34;
				ENABLE_HARDENED_RUNTIME = YES;
				ENABLE_PREVIEWS = YES;
				GENERATE_INFOPLIST_FILE = YES;
				INFOPLIST_FILE = Rewrite/Info.plist;
				INFOPLIST_KEY_NSHumanReadableCopyright = "";
				LD_RUNPATH_SEARCH_PATHS = (
					"$(inherited)",
					"@executable_path/../Frameworks",
				);
				MARKETING_VERSION = 1.0;
				PRODUCT_BUNDLE_IDENTIFIER = cool.csl.Rewrite;
				PRODUCT_NAME = "$(TARGET_NAME)";
				SWIFT_EMIT_LOC_STRINGS = YES;
				SWIFT_VERSION = 5.0;
			};
			name = Debug;
		};
		C4BD1B022CA53D9E00FD93AA /* Release */ = {
			isa = XCBuildConfiguration;
			buildSettings = {
				ASSETCATALOG_COMPILER_APPICON_NAME = AppIcon;
				ASSETCATALOG_COMPILER_GLOBAL_ACCENT_COLOR_NAME = AccentColor;
				CODE_SIGN_ENTITLEMENTS = Rewrite/Rewrite.entitlements;
				CODE_SIGN_STYLE = Automatic;
				COMBINE_HIDPI_IMAGES = YES;
				CURRENT_PROJECT_VERSION = 1;
				DEVELOPMENT_ASSET_PATHS = "\"Rewrite/Preview Content\"";
				DEVELOPMENT_TEAM = 7467638S34;
				ENABLE_HARDENED_RUNTIME = YES;
				ENABLE_PREVIEWS = YES;
				GENERATE_INFOPLIST_FILE = YES;
				INFOPLIST_FILE = Rewrite/Info.plist;
				INFOPLIST_KEY_NSHumanReadableCopyright = "";
				LD_RUNPATH_SEARCH_PATHS = (
					"$(inherited)",
					"@executable_path/../Frameworks",
				);
				MARKETING_VERSION = 1.0;
				PRODUCT_BUNDLE_IDENTIFIER = cool.csl.Rewrite;
				PRODUCT_NAME = "$(TARGET_NAME)";
				SWIFT_EMIT_LOC_STRINGS = YES;
				SWIFT_VERSION = 5.0;
			};
			name = Release;
		};
/* End XCBuildConfiguration section */

/* Begin XCConfigurationList section */
		C4BD1AEC2CA53D9B00FD93AA /* Build configuration list for PBXProject "Rewrite" */ = {
			isa = XCConfigurationList;
			buildConfigurations = (
				C4BD1AFE2CA53D9E00FD93AA /* Debug */,
				C4BD1AFF2CA53D9E00FD93AA /* Release */,
			);
			defaultConfigurationIsVisible = 0;
			defaultConfigurationName = Release;
		};
		C4BD1B002CA53D9E00FD93AA /* Build configuration list for PBXNativeTarget "Rewrite" */ = {
			isa = XCConfigurationList;
			buildConfigurations = (
				C4BD1B012CA53D9E00FD93AA /* Debug */,
				C4BD1B022CA53D9E00FD93AA /* Release */,
			);
			defaultConfigurationIsVisible = 0;
			defaultConfigurationName = Release;
		};
/* End XCConfigurationList section */

/* Begin XCRemoteSwiftPackageReference section */
		C474B9F02CA56F2F0012E70C /* XCRemoteSwiftPackageReference "OpenAI" */ = {
			isa = XCRemoteSwiftPackageReference;
			repositoryURL = "https://github.com/MacPaw/OpenAI.git";
			requirement = {
				kind = upToNextMajorVersion;
				minimumVersion = 0.3.0;
			};
		};
/* End XCRemoteSwiftPackageReference section */

/* Begin XCSwiftPackageProductDependency section */
		C474B9F12CA56F2F0012E70C /* OpenAI */ = {
			isa = XCSwiftPackageProductDependency;
			package = C474B9F02CA56F2F0012E70C /* XCRemoteSwiftPackageReference "OpenAI" */;
			productName = OpenAI;
		};
/* End XCSwiftPackageProductDependency section */
	};
	rootObject = C4BD1AE92CA53D9B00FD93AA /* Project object */;
}
